
Microsoft Visual Studio Solution File, Format Version 12.00
# Visual Studio Version 17
VisualStudioVersion = 17.5.33627.172
MinimumVisualStudioVersion = 10.0.40219.1
Project("{FAE04EC0-301F-11D3-BF4B-00C04F79EFBC}") = "Dungganon_Activity3", "Dungganon_Activity3\Dungganon_Activity3.csproj", "{9B2AF571-5FA2-4518-B294-1F564B62A5BF}"
EndProject
Global
	GlobalSection(SolutionConfigurationPlatforms) = preSolution
		Debug|Any CPU = Debug|Any CPU
		Release|Any CPU = Release|Any CPU
	EndGlobalSection
	GlobalSection(ProjectConfigurationPlatforms) = postSolution
		{9B2AF571-5FA2-4518-B294-1F564B62A5BF}.Debug|Any CPU.ActiveCfg = Debug|Any CPU
		{9B2AF571-5FA2-4518-B294-1F564B62A5BF}.Debug|Any CPU.Build.0 = Debug|Any CPU
		{9B2AF571-5FA2-4518-B294-1F564B62A5BF}.Release|Any CPU.ActiveCfg = Release|Any CPU
		{9B2AF571-5FA2-4518-B294-1F564B62A5BF}.Release|Any CPU.Build.0 = Release|Any CPU
	EndGlobalSection
	GlobalSection(SolutionProperties) = preSolution
		HideSolutionNode = FALSE
	EndGlobalSection
	GlobalSection(ExtensibilityGlobals) = postSolution
		SolutionGuid = {96C6662D-9396-47C8-9572-3A1ADE0A0932}
	EndGlobalSection
EndGlobal
