
Microsoft Visual Studio Solution File, Format Version 12.00
# Visual Studio Version 17
VisualStudioVersion = 17.5.33627.172
MinimumVisualStudioVersion = 10.0.40219.1
Project("{FAE04EC0-301F-11D3-BF4B-00C04F79EFBC}") = "Dungganon_Activity#7", "Dungganon_Activity#7\Dungganon_Activity#7.csproj", "{E78E79E3-3E0B-49E7-AD86-E40FA6560A14}"
EndProject
Global
	GlobalSection(SolutionConfigurationPlatforms) = preSolution
		Debug|Any CPU = Debug|Any CPU
		Release|Any CPU = Release|Any CPU
	EndGlobalSection
	GlobalSection(ProjectConfigurationPlatforms) = postSolution
		{E78E79E3-3E0B-49E7-AD86-E40FA6560A14}.Debug|Any CPU.ActiveCfg = Debug|Any CPU
		{E78E79E3-3E0B-49E7-AD86-E40FA6560A14}.Debug|Any CPU.Build.0 = Debug|Any CPU
		{E78E79E3-3E0B-49E7-AD86-E40FA6560A14}.Release|Any CPU.ActiveCfg = Release|Any CPU
		{E78E79E3-3E0B-49E7-AD86-E40FA6560A14}.Release|Any CPU.Build.0 = Release|Any CPU
	EndGlobalSection
	GlobalSection(SolutionProperties) = preSolution
		HideSolutionNode = FALSE
	EndGlobalSection
	GlobalSection(ExtensibilityGlobals) = postSolution
		SolutionGuid = {56947A84-225B-4DCC-80C7-8D2ACA1A86DB}
	EndGlobalSection
EndGlobal
